
Microsoft Visual Studio Solution File, Format Version 12.00
# Visual Studio 15
VisualStudioVersion = 15.0.27004.2010
MinimumVisualStudioVersion = 10.0.40219.1
Project("{9A19103F-16F7-4668-BE54-9A1E7A4F7556}") = "MyApplication", "MyApplication\MyApplication.csproj", "{41840B5B-FD16-4990-9189-E5AF12B9DE51}"
EndProject
Project("{9A19103F-16F7-4668-BE54-9A1E7A4F7556}") = "MyLibrary", "MyLibrary\MyLibrary.csproj", "{E2CF3C1F-7EA7-4F9C-8D34-FBF2AE5EAF51}"
EndProject
Global
	GlobalSection(SolutionConfigurationPlatforms) = preSolution
		Debug|Any CPU = Debug|Any CPU
		Release|Any CPU = Release|Any CPU
	EndGlobalSection
	GlobalSection(ProjectConfigurationPlatforms) = postSolution
		{41840B5B-FD16-4990-9189-E5AF12B9DE51}.Debug|Any CPU.ActiveCfg = Debug|Any CPU
		{41840B5B-FD16-4990-9189-E5AF12B9DE51}.Debug|Any CPU.Build.0 = Debug|Any CPU
		{41840B5B-FD16-4990-9189-E5AF12B9DE51}.Release|Any CPU.ActiveCfg = Release|Any CPU
		{41840B5B-FD16-4990-9189-E5AF12B9DE51}.Release|Any CPU.Build.0 = Release|Any CPU
		{E2CF3C1F-7EA7-4F9C-8D34-FBF2AE5EAF51}.Debug|Any CPU.ActiveCfg = Debug|Any CPU
		{E2CF3C1F-7EA7-4F9C-8D34-FBF2AE5EAF51}.Debug|Any CPU.Build.0 = Debug|Any CPU
		{E2CF3C1F-7EA7-4F9C-8D34-FBF2AE5EAF51}.Release|Any CPU.ActiveCfg = Release|Any CPU
		{E2CF3C1F-7EA7-4F9C-8D34-FBF2AE5EAF51}.Release|Any CPU.Build.0 = Release|Any CPU
	EndGlobalSection
	GlobalSection(SolutionProperties) = preSolution
		HideSolutionNode = FALSE
	EndGlobalSection
	GlobalSection(ExtensibilityGlobals) = postSolution
		SolutionGuid = {5B384991-F4E8-4900-A32D-8E2E533FA36C}
	EndGlobalSection
EndGlobal
